
Microsoft Visual Studio Solution File, Format Version 12.00
# Visual Studio 15
VisualStudioVersion = 15.0.26730.16
MinimumVisualStudioVersion = 10.0.40219.1
Project("{FAE04EC0-301F-11D3-BF4B-00C04F79EFBC}") = "WordInteractionLab5", "WordInteractionLab5\WordInteractionLab5.csproj", "{7F01E620-6CA7-4197-A336-9813CF760182}"
EndProject
Global
	GlobalSection(SolutionConfigurationPlatforms) = preSolution
		Debug|Any CPU = Debug|Any CPU
		Release|Any CPU = Release|Any CPU
	EndGlobalSection
	GlobalSection(ProjectConfigurationPlatforms) = postSolution
		{7F01E620-6CA7-4197-A336-9813CF760182}.Debug|Any CPU.ActiveCfg = Debug|Any CPU
		{7F01E620-6CA7-4197-A336-9813CF760182}.Debug|Any CPU.Build.0 = Debug|Any CPU
		{7F01E620-6CA7-4197-A336-9813CF760182}.Release|Any CPU.ActiveCfg = Release|Any CPU
		{7F01E620-6CA7-4197-A336-9813CF760182}.Release|Any CPU.Build.0 = Release|Any CPU
	EndGlobalSection
	GlobalSection(SolutionProperties) = preSolution
		HideSolutionNode = FALSE
	EndGlobalSection
	GlobalSection(ExtensibilityGlobals) = postSolution
		SolutionGuid = {0FD2891C-96E1-4E5C-81D6-C11D51B04444}
	EndGlobalSection
EndGlobal
