
Microsoft Visual Studio Solution File, Format Version 12.00
# Visual Studio 15
VisualStudioVersion = 15.0.27130.2027
MinimumVisualStudioVersion = 10.0.40219.1
Project("{8BC9CEB8-8B4A-11D0-8D11-00A0C91BC942}") = "lab1_addition", "lab1_addition\lab1_addition.vcxproj", "{7E27C5E2-F778-4180-AB40-4EC5EA061506}"
EndProject
Global
	GlobalSection(SolutionConfigurationPlatforms) = preSolution
		Debug|x64 = Debug|x64
		Debug|x86 = Debug|x86
		Release|x64 = Release|x64
		Release|x86 = Release|x86
	EndGlobalSection
	GlobalSection(ProjectConfigurationPlatforms) = postSolution
		{7E27C5E2-F778-4180-AB40-4EC5EA061506}.Debug|x64.ActiveCfg = Debug|x64
		{7E27C5E2-F778-4180-AB40-4EC5EA061506}.Debug|x64.Build.0 = Debug|x64
		{7E27C5E2-F778-4180-AB40-4EC5EA061506}.Debug|x86.ActiveCfg = Debug|Win32
		{7E27C5E2-F778-4180-AB40-4EC5EA061506}.Debug|x86.Build.0 = Debug|Win32
		{7E27C5E2-F778-4180-AB40-4EC5EA061506}.Release|x64.ActiveCfg = Release|x64
		{7E27C5E2-F778-4180-AB40-4EC5EA061506}.Release|x64.Build.0 = Release|x64
		{7E27C5E2-F778-4180-AB40-4EC5EA061506}.Release|x86.ActiveCfg = Release|Win32
		{7E27C5E2-F778-4180-AB40-4EC5EA061506}.Release|x86.Build.0 = Release|Win32
	EndGlobalSection
	GlobalSection(SolutionProperties) = preSolution
		HideSolutionNode = FALSE
	EndGlobalSection
	GlobalSection(ExtensibilityGlobals) = postSolution
		SolutionGuid = {6FAAAF6A-F0B6-40C9-89C1-B2C50E433322}
	EndGlobalSection
EndGlobal
