
Microsoft Visual Studio Solution File, Format Version 12.00
# Visual Studio 15
VisualStudioVersion = 15.0.27703.2018
MinimumVisualStudioVersion = 10.0.40219.1
Project("{FAE04EC0-301F-11D3-BF4B-00C04F79EFBC}") = "SimpleIterationMethod", "SimpleIterationMethod\SimpleIterationMethod.csproj", "{22DDA966-F127-41BF-9169-545AFBBA29F2}"
EndProject
Project("{FAE04EC0-301F-11D3-BF4B-00C04F79EFBC}") = "RunningMethod", "RunningMethod\RunningMethod.csproj", "{88F3A1AC-33D4-44EA-9581-F757642E35E5}"
EndProject
Global
	GlobalSection(SolutionConfigurationPlatforms) = preSolution
		Debug|Any CPU = Debug|Any CPU
		Release|Any CPU = Release|Any CPU
	EndGlobalSection
	GlobalSection(ProjectConfigurationPlatforms) = postSolution
		{22DDA966-F127-41BF-9169-545AFBBA29F2}.Debug|Any CPU.ActiveCfg = Debug|Any CPU
		{22DDA966-F127-41BF-9169-545AFBBA29F2}.Debug|Any CPU.Build.0 = Debug|Any CPU
		{22DDA966-F127-41BF-9169-545AFBBA29F2}.Release|Any CPU.ActiveCfg = Release|Any CPU
		{22DDA966-F127-41BF-9169-545AFBBA29F2}.Release|Any CPU.Build.0 = Release|Any CPU
		{88F3A1AC-33D4-44EA-9581-F757642E35E5}.Debug|Any CPU.ActiveCfg = Debug|Any CPU
		{88F3A1AC-33D4-44EA-9581-F757642E35E5}.Debug|Any CPU.Build.0 = Debug|Any CPU
		{88F3A1AC-33D4-44EA-9581-F757642E35E5}.Release|Any CPU.ActiveCfg = Release|Any CPU
		{88F3A1AC-33D4-44EA-9581-F757642E35E5}.Release|Any CPU.Build.0 = Release|Any CPU
	EndGlobalSection
	GlobalSection(SolutionProperties) = preSolution
		HideSolutionNode = FALSE
	EndGlobalSection
	GlobalSection(ExtensibilityGlobals) = postSolution
		SolutionGuid = {42E13D35-FF7A-4C16-94AF-76FC11C09E41}
	EndGlobalSection
EndGlobal
