
Microsoft Visual Studio Solution File, Format Version 12.00
# Visual Studio 15
VisualStudioVersion = 15.0.27703.2018
MinimumVisualStudioVersion = 10.0.40219.1
Project("{FAE04EC0-301F-11D3-BF4B-00C04F79EFBC}") = "Метод Простой Итерации", "SimpleIterationMethod\Метод Простой Итерации.csproj", "{22DDA966-F127-41BF-9169-545AFBBA29F2}"
EndProject
Project("{FAE04EC0-301F-11D3-BF4B-00C04F79EFBC}") = "Метод Прогонки", "RunningMethod\Метод Прогонки.csproj", "{88F3A1AC-33D4-44EA-9581-F757642E35E5}"
EndProject
Project("{FAE04EC0-301F-11D3-BF4B-00C04F79EFBC}") = "Метод Жардана-Гаусса", "Gauss-JordanMethod\Метод Жардана-Гаусса.csproj", "{CC549290-0516-4A0F-8B8D-99B6FB5DFE0A}"
EndProject
Project("{FAE04EC0-301F-11D3-BF4B-00C04F79EFBC}") = "Теория Погрешностей", "ErrorTeory\Теория Погрешностей.csproj", "{34FB633F-9889-4AA3-920E-45D07F283352}"
EndProject
Project("{FAE04EC0-301F-11D3-BF4B-00C04F79EFBC}") = "Свойства Конечных Разностей", "FiniteDifferences\Свойства Конечных Разностей.csproj", "{E66D3041-B046-4FEC-A5DE-AC8DA46C0CA6}"
EndProject
Project("{FAE04EC0-301F-11D3-BF4B-00C04F79EFBC}") = "Полином Лагранжа и Ньютона", "LagrangeNewtonPolynom\Полином Лагранжа и Ньютона.csproj", "{0FDC0BB3-057F-4FB4-A138-C406C7B616B7}"
EndProject
Project("{FAE04EC0-301F-11D3-BF4B-00C04F79EFBC}") = "Эмпирическая зависимость", "Эмпирическая зависимость\Эмпирическая зависимость.csproj", "{D11A0105-02CD-4400-8441-3ED68F7C9BD0}"
EndProject
Global
	GlobalSection(SolutionConfigurationPlatforms) = preSolution
		Debug|Any CPU = Debug|Any CPU
		Release|Any CPU = Release|Any CPU
	EndGlobalSection
	GlobalSection(ProjectConfigurationPlatforms) = postSolution
		{22DDA966-F127-41BF-9169-545AFBBA29F2}.Debug|Any CPU.ActiveCfg = Debug|Any CPU
		{22DDA966-F127-41BF-9169-545AFBBA29F2}.Debug|Any CPU.Build.0 = Debug|Any CPU
		{22DDA966-F127-41BF-9169-545AFBBA29F2}.Release|Any CPU.ActiveCfg = Release|Any CPU
		{22DDA966-F127-41BF-9169-545AFBBA29F2}.Release|Any CPU.Build.0 = Release|Any CPU
		{88F3A1AC-33D4-44EA-9581-F757642E35E5}.Debug|Any CPU.ActiveCfg = Debug|Any CPU
		{88F3A1AC-33D4-44EA-9581-F757642E35E5}.Debug|Any CPU.Build.0 = Debug|Any CPU
		{88F3A1AC-33D4-44EA-9581-F757642E35E5}.Release|Any CPU.ActiveCfg = Release|Any CPU
		{88F3A1AC-33D4-44EA-9581-F757642E35E5}.Release|Any CPU.Build.0 = Release|Any CPU
		{CC549290-0516-4A0F-8B8D-99B6FB5DFE0A}.Debug|Any CPU.ActiveCfg = Debug|Any CPU
		{CC549290-0516-4A0F-8B8D-99B6FB5DFE0A}.Debug|Any CPU.Build.0 = Debug|Any CPU
		{CC549290-0516-4A0F-8B8D-99B6FB5DFE0A}.Release|Any CPU.ActiveCfg = Release|Any CPU
		{CC549290-0516-4A0F-8B8D-99B6FB5DFE0A}.Release|Any CPU.Build.0 = Release|Any CPU
		{34FB633F-9889-4AA3-920E-45D07F283352}.Debug|Any CPU.ActiveCfg = Debug|Any CPU
		{34FB633F-9889-4AA3-920E-45D07F283352}.Debug|Any CPU.Build.0 = Debug|Any CPU
		{34FB633F-9889-4AA3-920E-45D07F283352}.Release|Any CPU.ActiveCfg = Release|Any CPU
		{34FB633F-9889-4AA3-920E-45D07F283352}.Release|Any CPU.Build.0 = Release|Any CPU
		{E66D3041-B046-4FEC-A5DE-AC8DA46C0CA6}.Debug|Any CPU.ActiveCfg = Debug|Any CPU
		{E66D3041-B046-4FEC-A5DE-AC8DA46C0CA6}.Debug|Any CPU.Build.0 = Debug|Any CPU
		{E66D3041-B046-4FEC-A5DE-AC8DA46C0CA6}.Release|Any CPU.ActiveCfg = Release|Any CPU
		{E66D3041-B046-4FEC-A5DE-AC8DA46C0CA6}.Release|Any CPU.Build.0 = Release|Any CPU
		{0FDC0BB3-057F-4FB4-A138-C406C7B616B7}.Debug|Any CPU.ActiveCfg = Debug|Any CPU
		{0FDC0BB3-057F-4FB4-A138-C406C7B616B7}.Debug|Any CPU.Build.0 = Debug|Any CPU
		{0FDC0BB3-057F-4FB4-A138-C406C7B616B7}.Release|Any CPU.ActiveCfg = Release|Any CPU
		{0FDC0BB3-057F-4FB4-A138-C406C7B616B7}.Release|Any CPU.Build.0 = Release|Any CPU
		{D11A0105-02CD-4400-8441-3ED68F7C9BD0}.Debug|Any CPU.ActiveCfg = Debug|Any CPU
		{D11A0105-02CD-4400-8441-3ED68F7C9BD0}.Debug|Any CPU.Build.0 = Debug|Any CPU
		{D11A0105-02CD-4400-8441-3ED68F7C9BD0}.Release|Any CPU.ActiveCfg = Release|Any CPU
		{D11A0105-02CD-4400-8441-3ED68F7C9BD0}.Release|Any CPU.Build.0 = Release|Any CPU
	EndGlobalSection
	GlobalSection(SolutionProperties) = preSolution
		HideSolutionNode = FALSE
	EndGlobalSection
	GlobalSection(ExtensibilityGlobals) = postSolution
		SolutionGuid = {42E13D35-FF7A-4C16-94AF-76FC11C09E41}
	EndGlobalSection
EndGlobal
