
Microsoft Visual Studio Solution File, Format Version 12.00
# Visual Studio 15
VisualStudioVersion = 15.0.28307.271
MinimumVisualStudioVersion = 10.0.40219.1
Project("{9A19103F-16F7-4668-BE54-9A1E7A4F7556}") = "Задание 1", "Task1\Задание 1.csproj", "{F0FDD3FD-126B-4941-92DE-976DF73D15D3}"
EndProject
Project("{9A19103F-16F7-4668-BE54-9A1E7A4F7556}") = "StudentBookClassLibrary", "Task1ClassLibrary\StudentBookClassLibrary.csproj", "{B939A775-5864-4E53-8744-06E5FF4DB7EF}"
EndProject
Project("{9A19103F-16F7-4668-BE54-9A1E7A4F7556}") = "Задание 2", "ConsoleApp1\Задание 2.csproj", "{BD9CC523-D4E9-42AF-80D4-28CEA1816653}"
EndProject
Project("{FAE04EC0-301F-11D3-BF4B-00C04F79EFBC}") = "Задание 4", "Задание 4\Задание 4.csproj", "{DFC0BD45-5281-4CF3-BB00-FE9DCA55E400}"
EndProject
Project("{FAE04EC0-301F-11D3-BF4B-00C04F79EFBC}") = "Задание 5", "Task5\Задание 5.csproj", "{8A4FBF4F-5F98-4359-B54E-F959258E8869}"
EndProject
Global
	GlobalSection(SolutionConfigurationPlatforms) = preSolution
		Debug|Any CPU = Debug|Any CPU
		Release|Any CPU = Release|Any CPU
	EndGlobalSection
	GlobalSection(ProjectConfigurationPlatforms) = postSolution
		{F0FDD3FD-126B-4941-92DE-976DF73D15D3}.Debug|Any CPU.ActiveCfg = Debug|Any CPU
		{F0FDD3FD-126B-4941-92DE-976DF73D15D3}.Debug|Any CPU.Build.0 = Debug|Any CPU
		{F0FDD3FD-126B-4941-92DE-976DF73D15D3}.Release|Any CPU.ActiveCfg = Release|Any CPU
		{F0FDD3FD-126B-4941-92DE-976DF73D15D3}.Release|Any CPU.Build.0 = Release|Any CPU
		{B939A775-5864-4E53-8744-06E5FF4DB7EF}.Debug|Any CPU.ActiveCfg = Debug|Any CPU
		{B939A775-5864-4E53-8744-06E5FF4DB7EF}.Debug|Any CPU.Build.0 = Debug|Any CPU
		{B939A775-5864-4E53-8744-06E5FF4DB7EF}.Release|Any CPU.ActiveCfg = Release|Any CPU
		{B939A775-5864-4E53-8744-06E5FF4DB7EF}.Release|Any CPU.Build.0 = Release|Any CPU
		{BD9CC523-D4E9-42AF-80D4-28CEA1816653}.Debug|Any CPU.ActiveCfg = Debug|Any CPU
		{BD9CC523-D4E9-42AF-80D4-28CEA1816653}.Debug|Any CPU.Build.0 = Debug|Any CPU
		{BD9CC523-D4E9-42AF-80D4-28CEA1816653}.Release|Any CPU.ActiveCfg = Release|Any CPU
		{BD9CC523-D4E9-42AF-80D4-28CEA1816653}.Release|Any CPU.Build.0 = Release|Any CPU
		{DFC0BD45-5281-4CF3-BB00-FE9DCA55E400}.Debug|Any CPU.ActiveCfg = Debug|Any CPU
		{DFC0BD45-5281-4CF3-BB00-FE9DCA55E400}.Debug|Any CPU.Build.0 = Debug|Any CPU
		{DFC0BD45-5281-4CF3-BB00-FE9DCA55E400}.Release|Any CPU.ActiveCfg = Release|Any CPU
		{DFC0BD45-5281-4CF3-BB00-FE9DCA55E400}.Release|Any CPU.Build.0 = Release|Any CPU
		{8A4FBF4F-5F98-4359-B54E-F959258E8869}.Debug|Any CPU.ActiveCfg = Debug|Any CPU
		{8A4FBF4F-5F98-4359-B54E-F959258E8869}.Debug|Any CPU.Build.0 = Debug|Any CPU
		{8A4FBF4F-5F98-4359-B54E-F959258E8869}.Release|Any CPU.ActiveCfg = Release|Any CPU
		{8A4FBF4F-5F98-4359-B54E-F959258E8869}.Release|Any CPU.Build.0 = Release|Any CPU
	EndGlobalSection
	GlobalSection(SolutionProperties) = preSolution
		HideSolutionNode = FALSE
	EndGlobalSection
	GlobalSection(ExtensibilityGlobals) = postSolution
		SolutionGuid = {3D1FA3F0-DFEA-4322-9D47-2B30CA071F06}
	EndGlobalSection
EndGlobal
