
Microsoft Visual Studio Solution File, Format Version 12.00
# Visual Studio 15
VisualStudioVersion = 15.0.28307.572
MinimumVisualStudioVersion = 10.0.40219.1
Project("{FAE04EC0-301F-11D3-BF4B-00C04F79EFBC}") = "Шифр Плейфера", "Шифр Плейфера\Шифр Плейфера.csproj", "{EEC4E1D9-667C-48A6-860B-3BF0B23CBDF6}"
EndProject
Global
	GlobalSection(SolutionConfigurationPlatforms) = preSolution
		Debug|Any CPU = Debug|Any CPU
		Release|Any CPU = Release|Any CPU
	EndGlobalSection
	GlobalSection(ProjectConfigurationPlatforms) = postSolution
		{EEC4E1D9-667C-48A6-860B-3BF0B23CBDF6}.Debug|Any CPU.ActiveCfg = Debug|Any CPU
		{EEC4E1D9-667C-48A6-860B-3BF0B23CBDF6}.Debug|Any CPU.Build.0 = Debug|Any CPU
		{EEC4E1D9-667C-48A6-860B-3BF0B23CBDF6}.Release|Any CPU.ActiveCfg = Release|Any CPU
		{EEC4E1D9-667C-48A6-860B-3BF0B23CBDF6}.Release|Any CPU.Build.0 = Release|Any CPU
	EndGlobalSection
	GlobalSection(SolutionProperties) = preSolution
		HideSolutionNode = FALSE
	EndGlobalSection
	GlobalSection(ExtensibilityGlobals) = postSolution
		SolutionGuid = {B8FE86BD-E866-4A0E-9328-59DD7BE4B5EA}
	EndGlobalSection
EndGlobal
